
Microsoft Visual Studio Solution File, Format Version 12.00
# Visual Studio Version 16
VisualStudioVersion = 16.0.30320.27
MinimumVisualStudioVersion = 10.0.40219.1
Project("{FAE04EC0-301F-11D3-BF4B-00C04F79EFBC}") = "Homework1", "Homework1\Homework1.csproj", "{B713F6D9-66D0-496A-BBF6-0A3F7DD67077}"
EndProject
Global
	GlobalSection(SolutionConfigurationPlatforms) = preSolution
		Debug|Any CPU = Debug|Any CPU
		Release|Any CPU = Release|Any CPU
	EndGlobalSection
	GlobalSection(ProjectConfigurationPlatforms) = postSolution
		{B713F6D9-66D0-496A-BBF6-0A3F7DD67077}.Debug|Any CPU.ActiveCfg = Debug|Any CPU
		{B713F6D9-66D0-496A-BBF6-0A3F7DD67077}.Debug|Any CPU.Build.0 = Debug|Any CPU
		{B713F6D9-66D0-496A-BBF6-0A3F7DD67077}.Release|Any CPU.ActiveCfg = Release|Any CPU
		{B713F6D9-66D0-496A-BBF6-0A3F7DD67077}.Release|Any CPU.Build.0 = Release|Any CPU
	EndGlobalSection
	GlobalSection(SolutionProperties) = preSolution
		HideSolutionNode = FALSE
	EndGlobalSection
	GlobalSection(ExtensibilityGlobals) = postSolution
		SolutionGuid = {8A628F6A-E774-4570-A05B-4CC605F808CD}
	EndGlobalSection
EndGlobal
